// !$*UTF8*$!
{
	archiveVersion = 1;
	classes = {
	};
	objectVersion = 46;
	objects = {

/* Begin PBXBuildFile section */
		A81639851C7A138200AD090D /* generateModel.cpp in Sources */ = {isa = PBXBuildFile; fileRef = A816397F1C7A138200AD090D /* generateModel.cpp */; };
		A869B6111F7ADFEC004137AE /* exact.cpp in Sources */ = {isa = PBXBuildFile; fileRef = A869B6101F7ADFEC004137AE /* exact.cpp */; };
		A86B86A21F7E634400416783 /* sba.cpp in Sources */ = {isa = PBXBuildFile; fileRef = A86B86A01F7E634400416783 /* sba.cpp */; };
		A87326611C79ED3C0037EF0F /* main.cpp in Sources */ = {isa = PBXBuildFile; fileRef = A87326601C79ED3C0037EF0F /* main.cpp */; };
		A87326701C79EEC30037EF0F /* CoreFoundation.framework in Frameworks */ = {isa = PBXBuildFile; fileRef = A873266F1C79EEC30037EF0F /* CoreFoundation.framework */; };
		A87326721C79EED10037EF0F /* IOKit.framework in Frameworks */ = {isa = PBXBuildFile; fileRef = A87326711C79EED10037EF0F /* IOKit.framework */; };
		A87326741C79EF460037EF0F /* libconcert.a in Frameworks */ = {isa = PBXBuildFile; fileRef = A87326731C79EF460037EF0F /* libconcert.a */; };
		A87326781C79EF810037EF0F /* libcplex.a in Frameworks */ = {isa = PBXBuildFile; fileRef = A87326751C79EF810037EF0F /* libcplex.a */; };
		A87326791C79EF810037EF0F /* libcplexdistmip.a in Frameworks */ = {isa = PBXBuildFile; fileRef = A87326761C79EF810037EF0F /* libcplexdistmip.a */; };
		A873267A1C79EF810037EF0F /* libilocplex.a in Frameworks */ = {isa = PBXBuildFile; fileRef = A87326771C79EF810037EF0F /* libilocplex.a */; };
		A8937593200A29B9003E38F0 /* tda.cpp in Sources */ = {isa = PBXBuildFile; fileRef = A8937592200A29B9003E38F0 /* tda.cpp */; };
/* End PBXBuildFile section */

/* Begin PBXCopyFilesBuildPhase section */
		A873265B1C79ED3C0037EF0F /* CopyFiles */ = {
			isa = PBXCopyFilesBuildPhase;
			buildActionMask = 2147483647;
			dstPath = /usr/share/man/man1/;
			dstSubfolderSpec = 0;
			files = (
			);
			runOnlyForDeploymentPostprocessing = 1;
		};
/* End PBXCopyFilesBuildPhase section */

/* Begin PBXFileReference section */
		A816397F1C7A138200AD090D /* generateModel.cpp */ = {isa = PBXFileReference; fileEncoding = 4; lastKnownFileType = sourcecode.cpp.cpp; path = generateModel.cpp; sourceTree = "<group>"; };
		A81639801C7A138200AD090D /* generateModel.h */ = {isa = PBXFileReference; fileEncoding = 4; lastKnownFileType = sourcecode.c.h; path = generateModel.h; sourceTree = "<group>"; };
		A81639831C7A138200AD090D /* subspace.h */ = {isa = PBXFileReference; fileEncoding = 4; lastKnownFileType = sourcecode.c.h; path = subspace.h; sourceTree = "<group>"; };
		A81639841C7A138200AD090D /* tree.hh */ = {isa = PBXFileReference; fileEncoding = 4; lastKnownFileType = sourcecode.cpp.h; path = tree.hh; sourceTree = "<group>"; };
		A869B60F1F7ADFCF004137AE /* exact.h */ = {isa = PBXFileReference; lastKnownFileType = sourcecode.c.h; path = exact.h; sourceTree = "<group>"; };
		A869B6101F7ADFEC004137AE /* exact.cpp */ = {isa = PBXFileReference; fileEncoding = 4; lastKnownFileType = sourcecode.cpp.cpp; path = exact.cpp; sourceTree = "<group>"; };
		A86B86A01F7E634400416783 /* sba.cpp */ = {isa = PBXFileReference; fileEncoding = 4; lastKnownFileType = sourcecode.cpp.cpp; path = sba.cpp; sourceTree = "<group>"; };
		A86B86A11F7E634400416783 /* sba.h */ = {isa = PBXFileReference; fileEncoding = 4; lastKnownFileType = sourcecode.c.h; path = sba.h; sourceTree = "<group>"; };
		A873265D1C79ED3C0037EF0F /* MO_solver */ = {isa = PBXFileReference; explicitFileType = "compiled.mach-o.executable"; includeInIndex = 0; path = MO_solver; sourceTree = BUILT_PRODUCTS_DIR; };
		A87326601C79ED3C0037EF0F /* main.cpp */ = {isa = PBXFileReference; lastKnownFileType = sourcecode.cpp.cpp; path = main.cpp; sourceTree = "<group>"; };
		A873266F1C79EEC30037EF0F /* CoreFoundation.framework */ = {isa = PBXFileReference; lastKnownFileType = wrapper.framework; name = CoreFoundation.framework; path = System/Library/Frameworks/CoreFoundation.framework; sourceTree = SDKROOT; };
		A87326711C79EED10037EF0F /* IOKit.framework */ = {isa = PBXFileReference; lastKnownFileType = wrapper.framework; name = IOKit.framework; path = System/Library/Frameworks/IOKit.framework; sourceTree = SDKROOT; };
		A87326731C79EF460037EF0F /* libconcert.a */ = {isa = PBXFileReference; lastKnownFileType = archive.ar; name = libconcert.a; path = "../../../../../../Applications/IBM/ILOG/CPLEX_Studio1261/concert/lib/x86-64_osx/static_pic/libconcert.a"; sourceTree = "<group>"; };
		A87326751C79EF810037EF0F /* libcplex.a */ = {isa = PBXFileReference; lastKnownFileType = archive.ar; name = libcplex.a; path = "../../../../../../Applications/IBM/ILOG/CPLEX_Studio1261/cplex/lib/x86-64_osx/static_pic/libcplex.a"; sourceTree = "<group>"; };
		A87326761C79EF810037EF0F /* libcplexdistmip.a */ = {isa = PBXFileReference; lastKnownFileType = archive.ar; name = libcplexdistmip.a; path = "../../../../../../Applications/IBM/ILOG/CPLEX_Studio1261/cplex/lib/x86-64_osx/static_pic/libcplexdistmip.a"; sourceTree = "<group>"; };
		A87326771C79EF810037EF0F /* libilocplex.a */ = {isa = PBXFileReference; lastKnownFileType = archive.ar; name = libilocplex.a; path = "../../../../../../Applications/IBM/ILOG/CPLEX_Studio1261/cplex/lib/x86-64_osx/static_pic/libilocplex.a"; sourceTree = "<group>"; };
		A8937591200A2999003E38F0 /* tda.h */ = {isa = PBXFileReference; lastKnownFileType = sourcecode.c.h; path = tda.h; sourceTree = "<group>"; };
		A8937592200A29B9003E38F0 /* tda.cpp */ = {isa = PBXFileReference; lastKnownFileType = sourcecode.cpp.cpp; path = tda.cpp; sourceTree = "<group>"; };
		A8B573A51F962F1A0081F2F9 /* parameters.h */ = {isa = PBXFileReference; lastKnownFileType = sourcecode.c.h; path = parameters.h; sourceTree = "<group>"; };
/* End PBXFileReference section */

/* Begin PBXFrameworksBuildPhase section */
		A873265A1C79ED3C0037EF0F /* Frameworks */ = {
			isa = PBXFrameworksBuildPhase;
			buildActionMask = 2147483647;
			files = (
				A87326781C79EF810037EF0F /* libcplex.a in Frameworks */,
				A87326791C79EF810037EF0F /* libcplexdistmip.a in Frameworks */,
				A873267A1C79EF810037EF0F /* libilocplex.a in Frameworks */,
				A87326741C79EF460037EF0F /* libconcert.a in Frameworks */,
				A87326721C79EED10037EF0F /* IOKit.framework in Frameworks */,
				A87326701C79EEC30037EF0F /* CoreFoundation.framework in Frameworks */,
			);
			runOnlyForDeploymentPostprocessing = 0;
		};
/* End PBXFrameworksBuildPhase section */

/* Begin PBXGroup section */
		A87326541C79ED3C0037EF0F = {
			isa = PBXGroup;
			children = (
				A87326751C79EF810037EF0F /* libcplex.a */,
				A87326761C79EF810037EF0F /* libcplexdistmip.a */,
				A87326771C79EF810037EF0F /* libilocplex.a */,
				A87326731C79EF460037EF0F /* libconcert.a */,
				A87326711C79EED10037EF0F /* IOKit.framework */,
				A873266F1C79EEC30037EF0F /* CoreFoundation.framework */,
				A873265F1C79ED3C0037EF0F /* MO_solver */,
				A873265E1C79ED3C0037EF0F /* Products */,
			);
			sourceTree = "<group>";
		};
		A873265E1C79ED3C0037EF0F /* Products */ = {
			isa = PBXGroup;
			children = (
				A873265D1C79ED3C0037EF0F /* MO_solver */,
			);
			name = Products;
			sourceTree = "<group>";
		};
		A873265F1C79ED3C0037EF0F /* MO_solver */ = {
			isa = PBXGroup;
			children = (
				A816397F1C7A138200AD090D /* generateModel.cpp */,
				A81639801C7A138200AD090D /* generateModel.h */,
				A81639831C7A138200AD090D /* subspace.h */,
				A8B573A51F962F1A0081F2F9 /* parameters.h */,
				A81639841C7A138200AD090D /* tree.hh */,
				A87326601C79ED3C0037EF0F /* main.cpp */,
				A869B60F1F7ADFCF004137AE /* exact.h */,
				A869B6101F7ADFEC004137AE /* exact.cpp */,
				A86B86A01F7E634400416783 /* sba.cpp */,
				A86B86A11F7E634400416783 /* sba.h */,
				A8937591200A2999003E38F0 /* tda.h */,
				A8937592200A29B9003E38F0 /* tda.cpp */,
			);
			path = MO_solver;
			sourceTree = "<group>";
		};
/* End PBXGroup section */

/* Begin PBXNativeTarget section */
		A873265C1C79ED3C0037EF0F /* MO_solver */ = {
			isa = PBXNativeTarget;
			buildConfigurationList = A87326641C79ED3C0037EF0F /* Build configuration list for PBXNativeTarget "MO_solver" */;
			buildPhases = (
				A87326591C79ED3C0037EF0F /* Sources */,
				A873265A1C79ED3C0037EF0F /* Frameworks */,
				A873265B1C79ED3C0037EF0F /* CopyFiles */,
			);
			buildRules = (
			);
			dependencies = (
			);
			name = MO_solver;
			productName = MO_solver;
			productReference = A873265D1C79ED3C0037EF0F /* MO_solver */;
			productType = "com.apple.product-type.tool";
		};
/* End PBXNativeTarget section */

/* Begin PBXProject section */
		A87326551C79ED3C0037EF0F /* Project object */ = {
			isa = PBXProject;
			attributes = {
				LastUpgradeCheck = 0830;
				ORGANIZATIONNAME = "Gokhan Ceyhan";
				TargetAttributes = {
					A873265C1C79ED3C0037EF0F = {
						CreatedOnToolsVersion = 6.1.1;
					};
				};
			};
			buildConfigurationList = A87326581C79ED3C0037EF0F /* Build configuration list for PBXProject "MO_solver" */;
			compatibilityVersion = "Xcode 3.2";
			developmentRegion = English;
			hasScannedForEncodings = 0;
			knownRegions = (
				en,
			);
			mainGroup = A87326541C79ED3C0037EF0F;
			productRefGroup = A873265E1C79ED3C0037EF0F /* Products */;
			projectDirPath = "";
			projectRoot = "";
			targets = (
				A873265C1C79ED3C0037EF0F /* MO_solver */,
			);
		};
/* End PBXProject section */

/* Begin PBXSourcesBuildPhase section */
		A87326591C79ED3C0037EF0F /* Sources */ = {
			isa = PBXSourcesBuildPhase;
			buildActionMask = 2147483647;
			files = (
				A81639851C7A138200AD090D /* generateModel.cpp in Sources */,
				A87326611C79ED3C0037EF0F /* main.cpp in Sources */,
				A86B86A21F7E634400416783 /* sba.cpp in Sources */,
				A869B6111F7ADFEC004137AE /* exact.cpp in Sources */,
				A8937593200A29B9003E38F0 /* tda.cpp in Sources */,
			);
			runOnlyForDeploymentPostprocessing = 0;
		};
/* End PBXSourcesBuildPhase section */

/* Begin XCBuildConfiguration section */
		A87326621C79ED3C0037EF0F /* Debug */ = {
			isa = XCBuildConfiguration;
			buildSettings = {
				ALWAYS_SEARCH_USER_PATHS = NO;
				CLANG_CXX_LANGUAGE_STANDARD = "gnu++0x";
				CLANG_CXX_LIBRARY = "libc++";
				CLANG_ENABLE_MODULES = YES;
				CLANG_ENABLE_OBJC_ARC = YES;
				CLANG_WARN_BOOL_CONVERSION = YES;
				CLANG_WARN_CONSTANT_CONVERSION = YES;
				CLANG_WARN_DIRECT_OBJC_ISA_USAGE = YES_ERROR;
				CLANG_WARN_EMPTY_BODY = YES;
				CLANG_WARN_ENUM_CONVERSION = YES;
				CLANG_WARN_INFINITE_RECURSION = YES;
				CLANG_WARN_INT_CONVERSION = YES;
				CLANG_WARN_OBJC_ROOT_CLASS = YES_ERROR;
				CLANG_WARN_SUSPICIOUS_MOVE = YES;
				CLANG_WARN_UNREACHABLE_CODE = YES;
				CLANG_WARN__DUPLICATE_METHOD_MATCH = YES;
				COPY_PHASE_STRIP = NO;
				ENABLE_STRICT_OBJC_MSGSEND = YES;
				ENABLE_TESTABILITY = YES;
				GCC_C_LANGUAGE_STANDARD = gnu99;
				GCC_DYNAMIC_NO_PIC = NO;
				GCC_NO_COMMON_BLOCKS = YES;
				GCC_OPTIMIZATION_LEVEL = 0;
				GCC_PREPROCESSOR_DEFINITIONS = (
					"DEBUG=1",
					"$(inherited)",
				);
				GCC_SYMBOLS_PRIVATE_EXTERN = NO;
				GCC_WARN_64_TO_32_BIT_CONVERSION = YES;
				GCC_WARN_ABOUT_RETURN_TYPE = YES_ERROR;
				GCC_WARN_UNDECLARED_SELECTOR = YES;
				GCC_WARN_UNINITIALIZED_AUTOS = YES_AGGRESSIVE;
				GCC_WARN_UNUSED_FUNCTION = YES;
				GCC_WARN_UNUSED_VARIABLE = YES;
				MACOSX_DEPLOYMENT_TARGET = 10.10;
				MTL_ENABLE_DEBUG_INFO = YES;
				ONLY_ACTIVE_ARCH = YES;
				SDKROOT = macosx;
			};
			name = Debug;
		};
		A87326631C79ED3C0037EF0F /* Release */ = {
			isa = XCBuildConfiguration;
			buildSettings = {
				ALWAYS_SEARCH_USER_PATHS = NO;
				CLANG_CXX_LANGUAGE_STANDARD = "gnu++0x";
				CLANG_CXX_LIBRARY = "libc++";
				CLANG_ENABLE_MODULES = YES;
				CLANG_ENABLE_OBJC_ARC = YES;
				CLANG_WARN_BOOL_CONVERSION = YES;
				CLANG_WARN_CONSTANT_CONVERSION = YES;
				CLANG_WARN_DIRECT_OBJC_ISA_USAGE = YES_ERROR;
				CLANG_WARN_EMPTY_BODY = YES;
				CLANG_WARN_ENUM_CONVERSION = YES;
				CLANG_WARN_INFINITE_RECURSION = YES;
				CLANG_WARN_INT_CONVERSION = YES;
				CLANG_WARN_OBJC_ROOT_CLASS = YES_ERROR;
				CLANG_WARN_SUSPICIOUS_MOVE = YES;
				CLANG_WARN_UNREACHABLE_CODE = YES;
				CLANG_WARN__DUPLICATE_METHOD_MATCH = YES;
				COPY_PHASE_STRIP = YES;
				DEBUG_INFORMATION_FORMAT = "dwarf-with-dsym";
				ENABLE_NS_ASSERTIONS = NO;
				ENABLE_STRICT_OBJC_MSGSEND = YES;
				GCC_C_LANGUAGE_STANDARD = gnu99;
				GCC_NO_COMMON_BLOCKS = YES;
				GCC_WARN_64_TO_32_BIT_CONVERSION = YES;
				GCC_WARN_ABOUT_RETURN_TYPE = YES_ERROR;
				GCC_WARN_UNDECLARED_SELECTOR = YES;
				GCC_WARN_UNINITIALIZED_AUTOS = YES_AGGRESSIVE;
				GCC_WARN_UNUSED_FUNCTION = YES;
				GCC_WARN_UNUSED_VARIABLE = YES;
				MACOSX_DEPLOYMENT_TARGET = 10.10;
				MTL_ENABLE_DEBUG_INFO = NO;
				SDKROOT = macosx;
			};
			name = Release;
		};
		A87326651C79ED3C0037EF0F /* Debug */ = {
			isa = XCBuildConfiguration;
			buildSettings = {
				CLANG_CXX_LIBRARY = "compiler-default";
				HEADER_SEARCH_PATHS = (
					"$(inherited)",
					/Applications/Xcode.app/Contents/Developer/Toolchains/XcodeDefault.xctoolchain/usr/include,
					/Users/gokhanceyhan/Applications/IBM/ILOG/CPLEX_Studio1261/cplex/include,
					/Users/gokhanceyhan/Applications/IBM/ILOG/CPLEX_Studio1261/concert/include,
				);
				LIBRARY_SEARCH_PATHS = (
					"$(inherited)",
					"$(USER_APPS_DIR)/IBM/ILOG/CPLEX_Studio1261/concert/lib/x86-64_osx/static_pic",
					"$(USER_APPS_DIR)/IBM/ILOG/CPLEX_Studio1261/cplex/lib/x86-64_osx/static_pic",
				);
				OTHER_CFLAGS = "-DIL_STD";
				PRODUCT_NAME = "$(TARGET_NAME)";
			};
			name = Debug;
		};
		A87326661C79ED3C0037EF0F /* Release */ = {
			isa = XCBuildConfiguration;
			buildSettings = {
				CLANG_CXX_LIBRARY = "compiler-default";
				HEADER_SEARCH_PATHS = (
					"$(inherited)",
					/Applications/Xcode.app/Contents/Developer/Toolchains/XcodeDefault.xctoolchain/usr/include,
					/Users/gokhanceyhan/Applications/IBM/ILOG/CPLEX_Studio1261/concert/include,
					/Users/gokhanceyhan/Applications/IBM/ILOG/CPLEX_Studio1261/cplex/include,
				);
				"HEADER_SEARCH_PATHS[arch=*]" = (
					"$(inherited)",
					/Applications/Xcode.app/Contents/Developer/Toolchains/XcodeDefault.xctoolchain/usr/include,
					/Users/gokhanceyhan/Applications/IBM/ILOG/CPLEX_Studio1261/cplex/include,
					/Users/gokhanceyhan/Applications/IBM/ILOG/CPLEX_Studio1261/concert/include,
				);
				LIBRARY_SEARCH_PATHS = (
					"$(inherited)",
					"$(USER_APPS_DIR)/IBM/ILOG/CPLEX_Studio1261/concert/lib/x86-64_osx/static_pic",
					"$(USER_APPS_DIR)/IBM/ILOG/CPLEX_Studio1261/cplex/lib/x86-64_osx/static_pic",
				);
				"LIBRARY_SEARCH_PATHS[arch=*]" = (
					"$(inherited)",
					"$(USER_APPS_DIR)/IBM/ILOG/CPLEX_Studio1261/concert/lib/x86-64_osx/static_pic",
					"$(USER_APPS_DIR)/IBM/ILOG/CPLEX_Studio1261/cplex/lib/x86-64_osx/static_pic",
				);
				OTHER_CFLAGS = "-DIL_STD";
				"OTHER_CPLUSPLUSFLAGS[arch=*]" = "$(OTHER_CFLAGS)";
				PRODUCT_NAME = "$(TARGET_NAME)";
			};
			name = Release;
		};
/* End XCBuildConfiguration section */

/* Begin XCConfigurationList section */
		A87326581C79ED3C0037EF0F /* Build configuration list for PBXProject "MO_solver" */ = {
			isa = XCConfigurationList;
			buildConfigurations = (
				A87326621C79ED3C0037EF0F /* Debug */,
				A87326631C79ED3C0037EF0F /* Release */,
			);
			defaultConfigurationIsVisible = 0;
			defaultConfigurationName = Release;
		};
		A87326641C79ED3C0037EF0F /* Build configuration list for PBXNativeTarget "MO_solver" */ = {
			isa = XCConfigurationList;
			buildConfigurations = (
				A87326651C79ED3C0037EF0F /* Debug */,
				A87326661C79ED3C0037EF0F /* Release */,
			);
			defaultConfigurationIsVisible = 0;
			defaultConfigurationName = Release;
		};
/* End XCConfigurationList section */
	};
	rootObject = A87326551C79ED3C0037EF0F /* Project object */;
}
